github.com/Kubuxu/go-os-helper v0.0.1 h1:EJiD2VUQyh5A9hWJLmc6iWg6yIcJ7jpBcwC8GMGXfDk=
github.com/Kubuxu/go-os-helper v0.0.1/go.mod h1:N8B+I7vPCT80IcP58r50u4+gEEcsZETFUpAzWW2ep1Y=
github.com/davecgh/go-spew v1.1.0/go.mod h1:J7Y8YcW2NihsgmVo/mv3lAwl/skON4iLHjSsI+c5H38=
github.com/davecgh/go-spew v1.1.1 h1:vj9j/u1bqnvCEfJOwUhtlOARqs3+rkHYY13jYWTU97c=
github.com/davecgh/go-spew v1.1.1/go.mod h1:J7Y8YcW2NihsgmVo/mv3lAwl/skON4iLHjSsI+c5H38=
github.com/emirpasic/gods v1.12.0/go.mod h1:YfzfFFoVP/catgzJb4IKIqXjX78Ha8FMSDh3ymbK86o=
github.com/mattn/go-colorable v0.1.11 h1:nQ+aFkoE2TMGc0b68U2OKSexC+eq46+XwZzWXHRmPYs=
github.com/mattn/go-colorable v0.1.11/go.mod h1:u5H1YNBxpqRaxsYJYSkiCWKzEfiAb1Gb520KVy5xxl4=
github.com/mattn/go-colorable v0.1.12 h1:jF+Du6AlPIjs2BiUiQlKOX0rt3SujHxPnksPKZbaA40=
github.com/mattn/go-colorable v0.1.12/go.mod h1:u5H1YNBxpqRaxsYJYSkiCWKzEfiAb1Gb520KVy5xxl4=
github.com/mattn/go-isatty v0.0.14 h1:yVuAays6BHfxijgZPzw+3Zlu5yQgKGP2/hcQbHb7S9Y=
github.com/mattn/go-isatty v0.0.14/go.mod h1:7GGIvUiUoEMVVmxf/4nioHXj79iQHKdU27kJ6hsGG94=
github.com/mgutz/ansi v0.0.0-20200706080929-d51e80ef957d h1:5PJl274Y63IEHC+7izoQE9x6ikvDFZS2mDVS3drnohI=
github.com/mgutz/ansi v0.0.0-20200706080929-d51e80ef957d/go.mod h1:01TrycV0kFyexm33Z7vhZRXopbI8J3TDReVlkTgMUxE=
github.com/pkg/errors v0.9.1/go.mod h1:bwawxfHBFNV+L2hUp1rHADufV3IMtnDRdf1r5NINEl0=
github.com/pmezard/go-difflib v1.0.0 h1:4DBwDE0NGyQoBHbLQYPwSUPoCMWR5BEzIk/f1lZbAQM=
github.com/pmezard/go-difflib v1.0.0/go.mod h1:iKH77koFhYxTK1pcRnkKkqfTogsbg7gZNVY4sRDYZ/4=
github.com/sirupsen/logrus v1.8.1 h1:dJKuHgqk1NNQlqoA6BTlM1Wf9DOH3NBjQyu0h9+AZZE=
github.com/sirupsen/logrus v1.8.1/go.mod h1:yWOB1SBYBC5VeMP7gHvWumXLIWorT60ONWic61uBYv0=
github.com/stretchr/objx v0.1.0/go.mod h1:HFkY916IF+rwdDfMAkV7OtwuqBVzrE8GR6GFx+wExME=
github.com/stretchr/testify v1.2.2/go.mod h1:a8OnRcib4nhh0OaRAV+Yts87kKdq0PP7pXfy6kDkUVs=
github.com/stretchr/testify v1.7.0 h1:nwc3DEeHmmLAfoZucVR881uASk0Mfjw8xYJ99tb5CcY=
github.com/stretchr/testify v1.7.0/go.mod h1:6Fq8oRcR53rry900zMqJjRRixrwX3KX962/h/Wwjteg=
github.com/tidwall/gjson v1.12.1 h1:ikuZsLdhr8Ws0IdROXUS1Gi4v9Z4pGqpX/CvJkxvfpo=
github.com/tidwall/gjson v1.12.1/go.mod h1:/wbyibRr2FHMks5tjHJ5F8dMZh3AcwJEMf5vlfC0lxk=
github.com/tidwall/match v1.1.1 h1:+Ho715JplO36QYgwN9PGYNhgZvoUSc9X2c80KVTi+GA=
github.com/tidwall/match v1.1.1/go.mod h1:eRSPERbgtNPcGhD8UCthc6PmLEQXEWd3PRB5JTxsfmM=
github.com/tidwall/pretty v1.2.0 h1:RWIZEg2iJ8/g6fDDYzMpobmaoGh5OLl4AXtGUGPcqCs=
github.com/tidwall/pretty v1.2.0/go.mod h1:ITEVvHYasfjBbM0u2Pg8T2nJnzm8xPwvNhhsoaGGjNU=
gitlab.ebidsun.com/chain/droplib/base/log v0.0.0-20211013062609-2872b4bf39bb/go.mod h1:2pWgLcYRWuCTSiC21FpUz/4zF8PHMm9srxvHuiCk7xQ=
gitlab.ebidsun.com/chain/droplib/base/log v0.0.0-20211118103714-0845e57ec999/go.mod h1:2pWgLcYRWuCTSiC21FpUz/4zF8PHMm9srxvHuiCk7xQ=
gitlab.ebidsun.com/chain/droplib/base/log v0.0.0-20211226133101-f8aaa21989f3 h1:LXIVeZ//O6DOC3lq1mqEJNojqQiMsk7b0qeHad98y8M=
gitlab.ebidsun.com/chain/droplib/base/log v0.0.0-20211226133101-f8aaa21989f3/go.mod h1:2pWgLcYRWuCTSiC21FpUz/4zF8PHMm9srxvHuiCk7xQ=
gitlab.ebidsun.com/chain/droplib/base/log v0.0.0-20220108032834-c86a0b98d26f h1:oFA6Qbcp9f4DefiuMepcrndkrc9oE+FfIqgjfpFH0r0=
gitlab.ebidsun.com/chain/droplib/base/log v0.0.0-20220108032834-c86a0b98d26f/go.mod h1:2pWgLcYRWuCTSiC21FpUz/4zF8PHMm9srxvHuiCk7xQ=
gitlab.ebidsun.com/chain/droplib/base/services v0.0.0-20211118103714-0845e57ec999 h1:AGXXqxAgK80pLrbSI5w+RdVgRI7U+b1v8hxH3y1ccJU=
gitlab.ebidsun.com/chain/droplib/base/services v0.0.0-20211118103714-0845e57ec999/go.mod h1:7Ct/pFelQDWcacOZ//jxGqNk6mvDMcWYCrIQijHB8pk=
gitlab.ebidsun.com/chain/droplib/base/services v0.0.0-20220108032834-c86a0b98d26f h1:XT/jKq2qSBVTiYwZOu5FNbQKIv8Gdp3wl6lOQ3itMAY=
gitlab.ebidsun.com/chain/droplib/base/services v0.0.0-20220108032834-c86a0b98d26f/go.mod h1:7Ct/pFelQDWcacOZ//jxGqNk6mvDMcWYCrIQijHB8pk=
gitlab.ebidsun.com/chain/droplib/component/base v0.0.0-20211118103714-0845e57ec999 h1:OARwDR1K+Zer89/+pwsaZpqZC8eStLgyUkJbVqP3n3E=
gitlab.ebidsun.com/chain/droplib/component/base v0.0.0-20211118103714-0845e57ec999/go.mod h1:EE0mP05ocSTP/FdMPrzICLvol+nfHhCNi8qa3E1ltPA=
gitlab.ebidsun.com/chain/droplib/component/routine v0.0.0-20211226133101-f8aaa21989f3 h1:UpqcFvDqKIPpQuBKFelm9P/vm/b0vQrO/J5x1gIs5UA=
gitlab.ebidsun.com/chain/droplib/component/routine v0.0.0-20211226133101-f8aaa21989f3/go.mod h1:j27cAfnq8xDNATWuXyOIg30VhW7SI/xw0dhGgptzAJM=
gitlab.ebidsun.com/chain/droplib/libs v0.0.0-20211118103714-0845e57ec999/go.mod h1:2SNZ1CCmV+MQ2XmDVln22zwwPhEwGrcaa8Aw5bMYh6k=
golang.org/x/crypto v0.0.0-20210921155107-089bfa567519 h1:7I4JAnoQBe7ZtJcBaYHi5UtiO8tQHbUSXxL+pnGRANg=
golang.org/x/crypto v0.0.0-20210921155107-089bfa567519/go.mod h1:GvvjBRRGRdwPK5ydBHafDWAxML/pGHZbMvKqRZ5+Abc=
golang.org/x/net v0.0.0-20210226172049-e18ecbb05110/go.mod h1:m0MpNAwzfU5UDzcl9v0D8zg8gWTRqZa9RBIspLL5mdg=
golang.org/x/sys v0.0.0-20191026070338-33540a1f6037/go.mod h1:h1NjWce9XRLGQEsW7wpKNCjG9DtNlClVuFLEZdDNbEs=
golang.org/x/sys v0.0.0-20201119102817-f84b799fce68/go.mod h1:h1NjWce9XRLGQEsW7wpKNCjG9DtNlClVuFLEZdDNbEs=
golang.org/x/sys v0.0.0-20210615035016-665e8c7367d1/go.mod h1:oPkhp1MJrh7nUepCBck5+mAzfO9JrbApNNgaTdGDITg=
golang.org/x/sys v0.0.0-20210630005230-0f9fa26af87c/go.mod h1:oPkhp1MJrh7nUepCBck5+mAzfO9JrbApNNgaTdGDITg=
golang.org/x/sys v0.0.0-20210927094055-39ccf1dd6fa6 h1:foEbQz/B0Oz6YIqu/69kfXPYeFQAuuMYFkjaqXzl5Wo=
golang.org/x/sys v0.0.0-20210927094055-39ccf1dd6fa6/go.mod h1:oPkhp1MJrh7nUepCBck5+mAzfO9JrbApNNgaTdGDITg=
golang.org/x/term v0.0.0-20201126162022-7de9c90e9dd1 h1:v+OssWQX+hTHEmOBgwxdZxK4zHq3yOs8F9J7mk0PY8E=
golang.org/x/term v0.0.0-20201126162022-7de9c90e9dd1/go.mod h1:bj7SfCRtBDWHUb9snDiAeCFNEtKQo2Wmx5Cou7ajbmo=
golang.org/x/text v0.3.3/go.mod h1:5Zoc/QRtKVWzQhOtBMvqHzDpF6irO9z98xDceosuGiQ=
golang.org/x/tools v0.0.0-20180917221912-90fa682c2a6e/go.mod h1:n7NCudcB/nEzxVGmLbDWY5pfWTLqBcC2KZ6jyYvM4mQ=
gopkg.in/check.v1 v0.0.0-20161208181325-20d25e280405/go.mod h1:Co6ibVJAznAaIkqp8huTwlJQCZ016jof/cbN4VW5Yz0=
gopkg.in/eapache/queue.v1 v1.1.0 h1:EldqoJEGtXYiVCMRo2C9mePO2UUGnYn2+qLmlQSqPdc=
gopkg.in/eapache/queue.v1 v1.1.0/go.mod h1:wNtmx1/O7kZSR9zNT1TTOJ7GLpm3Vn7srzlfylFbQwU=
gopkg.in/yaml.v3 v3.0.0-20200313102051-9f266ea9e77c h1:dUUwHk2QECo/6vqA44rthZ8ie2QXMNeKRTHCNY2nXvo=
gopkg.in/yaml.v3 v3.0.0-20200313102051-9f266ea9e77c/go.mod h1:K4uyk7z7BCEPqu6E+C64Yfv1cQ7kz7rIZviUmN+EgEM=
